{
  "originHash" : "0ea51c7e8f611f5b7ce6a015958f111f56a85a8241bbbed2ad7270e326f96da4",
  "pins" : [
    {
      "identity" : "swift-clocks",
      "kind" : "remoteSourceControl",
      "location" : "https://github.com/pointfreeco/swift-clocks.git",
      "state" : {
        "revision" : "b9b24b69e2adda099a1fa381cda1eeec272d5b53",
        "version" : "1.0.5"
      }
    },
    {
      "identity" : "swift-concurrency-extras",
      "kind" : "remoteSourceControl",
      "location" : "https://github.com/pointfreeco/swift-concurrency-extras",
      "state" : {
        "revision" : "163409ef7dae9d960b87f34b51587b6609a76c1f",
        "version" : "1.3.0"
      }
    },
    {
      "identity" : "xctest-dynamic-overlay",
      "kind" : "remoteSourceControl",
      "location" : "https://github.com/pointfreeco/xctest-dynamic-overlay",
      "state" : {
        "revision" : "770f990d3e4eececb57ac04a6076e22f8c97daeb",
        "version" : "1.4.2"
      }
    }
  ],
  "version" : 3
}
